
Microsoft Visual Studio Solution File, Format Version 12.00
# Visual Studio Version 17
VisualStudioVersion = 17.0.31903.59
MinimumVisualStudioVersion = 10.0.40219.1
Project("{FAE04EC0-301F-11D3-BF4B-00C04F79EFBC}") = "QLPT.API", "QLPT.API\QLPT.API.csproj", "{272CA8D5-F703-471A-959E-41CFDFB27E4D}"
EndProject
Project("{FAE04EC0-301F-11D3-BF4B-00C04F79EFBC}") = "QLPT.Business", "QLPT.Business\QLPT.Business.csproj", "{D1108EC8-D625-4B83-9AF5-3EB8F068BD70}"
EndProject
Project("{FAE04EC0-301F-11D3-BF4B-00C04F79EFBC}") = "QLPT.Data", "QLPT.Data\QLPT.Data.csproj", "{96195366-189F-4353-AFA1-7EA804A0116C}"
EndProject
Project("{FAE04EC0-301F-11D3-BF4B-00C04F79EFBC}") = "QLPT.Models", "QLPT.Models\QLPT.Models.csproj", "{178EFCEA-D87F-4126-84F9-6FFFBE7E00E6}"
EndProject
Project("{2150E333-8FDC-42A3-9474-1A3956D46DE8}") = "Appendix", "Appendix", "{ADEC5AA1-6DDE-8C5C-433C-6412976FCAC4}"
	ProjectSection(SolutionItems) = preProject
		MigrationCommand.md = MigrationCommand.md
		PackageCommand.md = PackageCommand.md
		RunCommand.md = RunCommand.md
	EndProjectSection
EndProject
Global
	GlobalSection(SolutionConfigurationPlatforms) = preSolution
		Debug|Any CPU = Debug|Any CPU
		Debug|x64 = Debug|x64
		Debug|x86 = Debug|x86
		Release|Any CPU = Release|Any CPU
		Release|x64 = Release|x64
		Release|x86 = Release|x86
	EndGlobalSection
	GlobalSection(ProjectConfigurationPlatforms) = postSolution
		{272CA8D5-F703-471A-959E-41CFDFB27E4D}.Debug|Any CPU.ActiveCfg = Debug|Any CPU
		{272CA8D5-F703-471A-959E-41CFDFB27E4D}.Debug|Any CPU.Build.0 = Debug|Any CPU
		{272CA8D5-F703-471A-959E-41CFDFB27E4D}.Debug|x64.ActiveCfg = Debug|Any CPU
		{272CA8D5-F703-471A-959E-41CFDFB27E4D}.Debug|x64.Build.0 = Debug|Any CPU
		{272CA8D5-F703-471A-959E-41CFDFB27E4D}.Debug|x86.ActiveCfg = Debug|Any CPU
		{272CA8D5-F703-471A-959E-41CFDFB27E4D}.Debug|x86.Build.0 = Debug|Any CPU
		{272CA8D5-F703-471A-959E-41CFDFB27E4D}.Release|Any CPU.ActiveCfg = Release|Any CPU
		{272CA8D5-F703-471A-959E-41CFDFB27E4D}.Release|Any CPU.Build.0 = Release|Any CPU
		{272CA8D5-F703-471A-959E-41CFDFB27E4D}.Release|x64.ActiveCfg = Release|Any CPU
		{272CA8D5-F703-471A-959E-41CFDFB27E4D}.Release|x64.Build.0 = Release|Any CPU
		{272CA8D5-F703-471A-959E-41CFDFB27E4D}.Release|x86.ActiveCfg = Release|Any CPU
		{272CA8D5-F703-471A-959E-41CFDFB27E4D}.Release|x86.Build.0 = Release|Any CPU
		{D1108EC8-D625-4B83-9AF5-3EB8F068BD70}.Debug|Any CPU.ActiveCfg = Debug|Any CPU
		{D1108EC8-D625-4B83-9AF5-3EB8F068BD70}.Debug|Any CPU.Build.0 = Debug|Any CPU
		{D1108EC8-D625-4B83-9AF5-3EB8F068BD70}.Debug|x64.ActiveCfg = Debug|Any CPU
		{D1108EC8-D625-4B83-9AF5-3EB8F068BD70}.Debug|x64.Build.0 = Debug|Any CPU
		{D1108EC8-D625-4B83-9AF5-3EB8F068BD70}.Debug|x86.ActiveCfg = Debug|Any CPU
		{D1108EC8-D625-4B83-9AF5-3EB8F068BD70}.Debug|x86.Build.0 = Debug|Any CPU
		{D1108EC8-D625-4B83-9AF5-3EB8F068BD70}.Release|Any CPU.ActiveCfg = Release|Any CPU
		{D1108EC8-D625-4B83-9AF5-3EB8F068BD70}.Release|Any CPU.Build.0 = Release|Any CPU
		{D1108EC8-D625-4B83-9AF5-3EB8F068BD70}.Release|x64.ActiveCfg = Release|Any CPU
		{D1108EC8-D625-4B83-9AF5-3EB8F068BD70}.Release|x64.Build.0 = Release|Any CPU
		{D1108EC8-D625-4B83-9AF5-3EB8F068BD70}.Release|x86.ActiveCfg = Release|Any CPU
		{D1108EC8-D625-4B83-9AF5-3EB8F068BD70}.Release|x86.Build.0 = Release|Any CPU
		{96195366-189F-4353-AFA1-7EA804A0116C}.Debug|Any CPU.ActiveCfg = Debug|Any CPU
		{96195366-189F-4353-AFA1-7EA804A0116C}.Debug|Any CPU.Build.0 = Debug|Any CPU
		{96195366-189F-4353-AFA1-7EA804A0116C}.Debug|x64.ActiveCfg = Debug|Any CPU
		{96195366-189F-4353-AFA1-7EA804A0116C}.Debug|x64.Build.0 = Debug|Any CPU
		{96195366-189F-4353-AFA1-7EA804A0116C}.Debug|x86.ActiveCfg = Debug|Any CPU
		{96195366-189F-4353-AFA1-7EA804A0116C}.Debug|x86.Build.0 = Debug|Any CPU
		{96195366-189F-4353-AFA1-7EA804A0116C}.Release|Any CPU.ActiveCfg = Release|Any CPU
		{96195366-189F-4353-AFA1-7EA804A0116C}.Release|Any CPU.Build.0 = Release|Any CPU
		{96195366-189F-4353-AFA1-7EA804A0116C}.Release|x64.ActiveCfg = Release|Any CPU
		{96195366-189F-4353-AFA1-7EA804A0116C}.Release|x64.Build.0 = Release|Any CPU
		{96195366-189F-4353-AFA1-7EA804A0116C}.Release|x86.ActiveCfg = Release|Any CPU
		{96195366-189F-4353-AFA1-7EA804A0116C}.Release|x86.Build.0 = Release|Any CPU
		{178EFCEA-D87F-4126-84F9-6FFFBE7E00E6}.Debug|Any CPU.ActiveCfg = Debug|Any CPU
		{178EFCEA-D87F-4126-84F9-6FFFBE7E00E6}.Debug|Any CPU.Build.0 = Debug|Any CPU
		{178EFCEA-D87F-4126-84F9-6FFFBE7E00E6}.Debug|x64.ActiveCfg = Debug|Any CPU
		{178EFCEA-D87F-4126-84F9-6FFFBE7E00E6}.Debug|x64.Build.0 = Debug|Any CPU
		{178EFCEA-D87F-4126-84F9-6FFFBE7E00E6}.Debug|x86.ActiveCfg = Debug|Any CPU
		{178EFCEA-D87F-4126-84F9-6FFFBE7E00E6}.Debug|x86.Build.0 = Debug|Any CPU
		{178EFCEA-D87F-4126-84F9-6FFFBE7E00E6}.Release|Any CPU.ActiveCfg = Release|Any CPU
		{178EFCEA-D87F-4126-84F9-6FFFBE7E00E6}.Release|Any CPU.Build.0 = Release|Any CPU
		{178EFCEA-D87F-4126-84F9-6FFFBE7E00E6}.Release|x64.ActiveCfg = Release|Any CPU
		{178EFCEA-D87F-4126-84F9-6FFFBE7E00E6}.Release|x64.Build.0 = Release|Any CPU
		{178EFCEA-D87F-4126-84F9-6FFFBE7E00E6}.Release|x86.ActiveCfg = Release|Any CPU
		{178EFCEA-D87F-4126-84F9-6FFFBE7E00E6}.Release|x86.Build.0 = Release|Any CPU
	EndGlobalSection
	GlobalSection(SolutionProperties) = preSolution
		HideSolutionNode = FALSE
	EndGlobalSection
EndGlobal
